
Microsoft Visual Studio Solution File, Format Version 12.00
# Visual Studio Version 17
VisualStudioVersion = 17.5.33414.496
MinimumVisualStudioVersion = 10.0.40219.1
Project("{9A19103F-16F7-4668-BE54-9A1E7A4F7556}") = "BlazorApp1.Server", "BlazorApp1\Server\BlazorApp1.Server.csproj", "{12BE735A-7953-4999-AD4B-EA1991500956}"
EndProject
Project("{9A19103F-16F7-4668-BE54-9A1E7A4F7556}") = "BlazorApp1.Client", "BlazorApp1\Client\BlazorApp1.Client.csproj", "{5211793A-66AA-4010-9E99-10C822C21BAF}"
EndProject
Project("{9A19103F-16F7-4668-BE54-9A1E7A4F7556}") = "BlazorApp1.Shared", "BlazorApp1\Shared\BlazorApp1.Shared.csproj", "{10AB8DF0-FC28-4DE8-8543-220C546EFF14}"
EndProject
Global
	GlobalSection(SolutionConfigurationPlatforms) = preSolution
		Debug|Any CPU = Debug|Any CPU
		Release|Any CPU = Release|Any CPU
	EndGlobalSection
	GlobalSection(ProjectConfigurationPlatforms) = postSolution
		{12BE735A-7953-4999-AD4B-EA1991500956}.Debug|Any CPU.ActiveCfg = Debug|Any CPU
		{12BE735A-7953-4999-AD4B-EA1991500956}.Debug|Any CPU.Build.0 = Debug|Any CPU
		{12BE735A-7953-4999-AD4B-EA1991500956}.Release|Any CPU.ActiveCfg = Release|Any CPU
		{12BE735A-7953-4999-AD4B-EA1991500956}.Release|Any CPU.Build.0 = Release|Any CPU
		{5211793A-66AA-4010-9E99-10C822C21BAF}.Debug|Any CPU.ActiveCfg = Debug|Any CPU
		{5211793A-66AA-4010-9E99-10C822C21BAF}.Debug|Any CPU.Build.0 = Debug|Any CPU
		{5211793A-66AA-4010-9E99-10C822C21BAF}.Release|Any CPU.ActiveCfg = Release|Any CPU
		{5211793A-66AA-4010-9E99-10C822C21BAF}.Release|Any CPU.Build.0 = Release|Any CPU
		{10AB8DF0-FC28-4DE8-8543-220C546EFF14}.Debug|Any CPU.ActiveCfg = Debug|Any CPU
		{10AB8DF0-FC28-4DE8-8543-220C546EFF14}.Debug|Any CPU.Build.0 = Debug|Any CPU
		{10AB8DF0-FC28-4DE8-8543-220C546EFF14}.Release|Any CPU.ActiveCfg = Release|Any CPU
		{10AB8DF0-FC28-4DE8-8543-220C546EFF14}.Release|Any CPU.Build.0 = Release|Any CPU
	EndGlobalSection
	GlobalSection(SolutionProperties) = preSolution
		HideSolutionNode = FALSE
	EndGlobalSection
	GlobalSection(ExtensibilityGlobals) = postSolution
		SolutionGuid = {F66445F4-F6E7-4888-8FD5-DB71336D0172}
	EndGlobalSection
EndGlobal
